{
  "name": "std-esm-error",
  "version": "0.0.1",
  "lockfileVersion": 1,
  "requires": true,
  "dependencies": {
    "@std/esm": {
      "version": "0.11.0",
      "resolved": "https://registry.npmjs.org/@std/esm/-/esm-0.11.0.tgz",
      "integrity": "sha512-aZgosm+SRbm9olDsnL4oROYVdkTHC1JxlcY6etqSU+G9BqMesEubmtTxEmajxCcuLTaCnwhy+SwWviEJJMloYQ=="
    }
  }
}
